
Microsoft Visual Studio Solution File, Format Version 12.00
# Visual Studio 15
VisualStudioVersion = 15.0.28307.136
MinimumVisualStudioVersion = 10.0.40219.1
Project("{FAE04EC0-301F-11D3-BF4B-00C04F79EFBC}") = "WiiUUSBHelper_JSONUpdater", "WiiUUSBHelper_JSONUpdater\WiiUUSBHelper_JSONUpdater.csproj", "{40E3494C-5BB9-441A-9266-6B2AD6B7A47D}"
EndProject
Project("{FAE04EC0-301F-11D3-BF4B-00C04F79EFBC}") = "WiiUUSBHelper_JSONUpdaterTests", "WiiUUSBHelper_JSONUpdaterTests\WiiUUSBHelper_JSONUpdaterTests.csproj", "{E3EC987F-BB93-4C89-B919-2CD8C078C7CD}"
EndProject
Global
	GlobalSection(SolutionConfigurationPlatforms) = preSolution
		Debug|Any CPU = Debug|Any CPU
		Release|Any CPU = Release|Any CPU
	EndGlobalSection
	GlobalSection(ProjectConfigurationPlatforms) = postSolution
		{40E3494C-5BB9-441A-9266-6B2AD6B7A47D}.Debug|Any CPU.ActiveCfg = Debug|Any CPU
		{40E3494C-5BB9-441A-9266-6B2AD6B7A47D}.Debug|Any CPU.Build.0 = Debug|Any CPU
		{40E3494C-5BB9-441A-9266-6B2AD6B7A47D}.Release|Any CPU.ActiveCfg = Release|Any CPU
		{40E3494C-5BB9-441A-9266-6B2AD6B7A47D}.Release|Any CPU.Build.0 = Release|Any CPU
		{E3EC987F-BB93-4C89-B919-2CD8C078C7CD}.Debug|Any CPU.ActiveCfg = Debug|Any CPU
		{E3EC987F-BB93-4C89-B919-2CD8C078C7CD}.Debug|Any CPU.Build.0 = Debug|Any CPU
		{E3EC987F-BB93-4C89-B919-2CD8C078C7CD}.Release|Any CPU.ActiveCfg = Release|Any CPU
		{E3EC987F-BB93-4C89-B919-2CD8C078C7CD}.Release|Any CPU.Build.0 = Release|Any CPU
	EndGlobalSection
	GlobalSection(SolutionProperties) = preSolution
		HideSolutionNode = FALSE
	EndGlobalSection
	GlobalSection(ExtensibilityGlobals) = postSolution
		SolutionGuid = {76948BB2-6085-4B02-8443-5E06277D1936}
	EndGlobalSection
EndGlobal
